
Microsoft Visual Studio Solution File, Format Version 12.00
# Visual Studio Version 16
VisualStudioVersion = 16.0.31605.320
MinimumVisualStudioVersion = 10.0.40219.1
Project("{FAE04EC0-301F-11D3-BF4B-00C04F79EFBC}") = "HolidayData_ClassDB", "HolidayData_ClassDB\HolidayData_ClassDB.csproj", "{6B1B74BC-B527-4E02-A318-26135D9FD83F}"
EndProject
Project("{FAE04EC0-301F-11D3-BF4B-00C04F79EFBC}") = "HolidayData_Console", "HolidayData_Console\HolidayData_Console.csproj", "{6F0ED6A0-BA92-422B-B878-C8C37D7F6A47}"
EndProject
Global
	GlobalSection(SolutionConfigurationPlatforms) = preSolution
		Debug|Any CPU = Debug|Any CPU
		Release|Any CPU = Release|Any CPU
	EndGlobalSection
	GlobalSection(ProjectConfigurationPlatforms) = postSolution
		{6B1B74BC-B527-4E02-A318-26135D9FD83F}.Debug|Any CPU.ActiveCfg = Debug|Any CPU
		{6B1B74BC-B527-4E02-A318-26135D9FD83F}.Debug|Any CPU.Build.0 = Debug|Any CPU
		{6B1B74BC-B527-4E02-A318-26135D9FD83F}.Release|Any CPU.ActiveCfg = Release|Any CPU
		{6B1B74BC-B527-4E02-A318-26135D9FD83F}.Release|Any CPU.Build.0 = Release|Any CPU
		{6F0ED6A0-BA92-422B-B878-C8C37D7F6A47}.Debug|Any CPU.ActiveCfg = Debug|Any CPU
		{6F0ED6A0-BA92-422B-B878-C8C37D7F6A47}.Debug|Any CPU.Build.0 = Debug|Any CPU
		{6F0ED6A0-BA92-422B-B878-C8C37D7F6A47}.Release|Any CPU.ActiveCfg = Release|Any CPU
		{6F0ED6A0-BA92-422B-B878-C8C37D7F6A47}.Release|Any CPU.Build.0 = Release|Any CPU
	EndGlobalSection
	GlobalSection(SolutionProperties) = preSolution
		HideSolutionNode = FALSE
	EndGlobalSection
	GlobalSection(ExtensibilityGlobals) = postSolution
		SolutionGuid = {4BDA9CD6-4D1A-4423-8EE8-75677271D9BE}
	EndGlobalSection
EndGlobal
